PODS:
  - TKMInfoManager (0.1.1):
    - TKMInfoManager/Core (= 0.1.1)
  - TKMInfoManager/Core (0.1.1):
    - TKMInfoManager/SourceMode
    - TKMRequest
  - TKMInfoManager/SourceMode (0.1.1)
  - TKMInitializeModule (0.1.1):
    - TKMInitializeModule/Core (= 0.1.1)
  - TKMInitializeModule/Core (0.1.1):
    - TKMInfoManager
    - TKMInitializeModule/Interface
    - TKMInitializeModule/SourceMode
    - TKModule
    - TKMResourceManager
  - TKMInitializeModule/Interface (0.1.1)
  - TKMInitializeModule/SourceMode (0.1.1)
  - TKModule (0.1.2):
    - TKModule/Core (= 0.1.2)
  - TKModule/Core (0.1.2):
    - TKModule/SourceMode
  - TKModule/SourceMode (0.1.2)
  - TKMRequest (0.1.1):
    - TKMRequest/Core (= 0.1.1)
  - TKMRequest/Core (0.1.1):
    - TKMRequest/SourceMode
  - TKMRequest/SourceMode (0.1.1)
  - TKMResourceManager (0.1.1):
    - TKMResourceManager/Core (= 0.1.1)
  - TKMResourceManager/Core (0.1.1):
    - TKMResourceManager/SourceMode
  - TKMResourceManager/SourceMode (0.1.1)

DEPENDENCIES:
  - TKMInitializeModule (from `../`)

SPEC REPOS:
  https://github.com/TokiPods/specs.git:
    - TKMInfoManager
    - TKModule
    - TKMRequest
    - TKMResourceManager

EXTERNAL SOURCES:
  TKMInitializeModule:
    :path: "../"

SPEC CHECKSUMS:
  TKMInfoManager: 4d931f88ff4d139ab554ae381d1cc9e320185635
  TKMInitializeModule: fec204e832cade6c85a4220cbdf089bfedfe09e5
  TKModule: ebabe7fe5ba86ff3647d620d79b5285afd810bc1
  TKMRequest: 3a4f1e31de13cbbe79af9fc26a403794c74a4d37
  TKMResourceManager: 04897146ebd311971f484439d1af06f8f2771d35

PODFILE CHECKSUM: 7914468f5008ecb12963eeec6a308a4fd47a0bbd

COCOAPODS: 1.10.1
